
Microsoft Visual Studio Solution File, Format Version 12.00
Project("{FAE04EC0-301F-11D3-BF4B-00C04F79EFBC}") = "GiftExchange.Data", "GiftExchange.Data\GiftExchange.Data.csproj", "{85A9419B-9877-44A3-94E8-B05809579D77}"
EndProject
Project("{FAE04EC0-301F-11D3-BF4B-00C04F79EFBC}") = "GiftExchange.Core", "GiftExchange.Core\GiftExchange.Core.csproj", "{82435C84-6D7F-4654-857B-E4E356C065B9}"
EndProject
Project("{FAE04EC0-301F-11D3-BF4B-00C04F79EFBC}") = "GiftExchange.Services", "GiftExchange.Services\GiftExchange.Services.csproj", "{C8A23C1F-2EFB-4E04-BCCF-92BC3CAF0824}"
EndProject
Project("{FAE04EC0-301F-11D3-BF4B-00C04F79EFBC}") = "GiftExchange.Web", "GiftExchange.Web\GiftExchange.Web.csproj", "{C75CEA06-13B7-4EE6-ADE8-8BCBDCA47F98}"
EndProject
Global
	GlobalSection(SolutionConfigurationPlatforms) = preSolution
		Debug|Any CPU = Debug|Any CPU
		Release|Any CPU = Release|Any CPU
	EndGlobalSection
	GlobalSection(ProjectConfigurationPlatforms) = postSolution
		{85A9419B-9877-44A3-94E8-B05809579D77}.Debug|Any CPU.ActiveCfg = Debug|Any CPU
		{85A9419B-9877-44A3-94E8-B05809579D77}.Debug|Any CPU.Build.0 = Debug|Any CPU
		{85A9419B-9877-44A3-94E8-B05809579D77}.Release|Any CPU.ActiveCfg = Release|Any CPU
		{85A9419B-9877-44A3-94E8-B05809579D77}.Release|Any CPU.Build.0 = Release|Any CPU
		{82435C84-6D7F-4654-857B-E4E356C065B9}.Debug|Any CPU.ActiveCfg = Debug|Any CPU
		{82435C84-6D7F-4654-857B-E4E356C065B9}.Debug|Any CPU.Build.0 = Debug|Any CPU
		{82435C84-6D7F-4654-857B-E4E356C065B9}.Release|Any CPU.ActiveCfg = Release|Any CPU
		{82435C84-6D7F-4654-857B-E4E356C065B9}.Release|Any CPU.Build.0 = Release|Any CPU
		{C8A23C1F-2EFB-4E04-BCCF-92BC3CAF0824}.Debug|Any CPU.ActiveCfg = Debug|Any CPU
		{C8A23C1F-2EFB-4E04-BCCF-92BC3CAF0824}.Debug|Any CPU.Build.0 = Debug|Any CPU
		{C8A23C1F-2EFB-4E04-BCCF-92BC3CAF0824}.Release|Any CPU.ActiveCfg = Release|Any CPU
		{C8A23C1F-2EFB-4E04-BCCF-92BC3CAF0824}.Release|Any CPU.Build.0 = Release|Any CPU
		{C75CEA06-13B7-4EE6-ADE8-8BCBDCA47F98}.Debug|Any CPU.ActiveCfg = Debug|Any CPU
		{C75CEA06-13B7-4EE6-ADE8-8BCBDCA47F98}.Debug|Any CPU.Build.0 = Debug|Any CPU
		{C75CEA06-13B7-4EE6-ADE8-8BCBDCA47F98}.Release|Any CPU.ActiveCfg = Release|Any CPU
		{C75CEA06-13B7-4EE6-ADE8-8BCBDCA47F98}.Release|Any CPU.Build.0 = Release|Any CPU
	EndGlobalSection
EndGlobal
